# Generated by buf. DO NOT EDIT.
version: v2
deps:
  - name: buf.build/bufbuild/protovalidate
    commit: 52f32327d4b045a79293a6ad4e7e1236
    digest: b5:cbabc98d4b7b7b0447c9b15f68eeb8a7a44ef8516cb386ac5f66e7fd4062cd6723ed3f452ad8c384b851f79e33d26e7f8a94e2b807282b3def1cd966c7eace97
  - name: buf.build/googleapis/googleapis
    commit: b30c5775bfb3485d9da2e87b26590ac9
    digest: b5:13f091a467b31c7f734307e6760d864e3319b9c47656f2ada6efa45c643864d9c9e7d5cd372c92cc8e0972deb63f41bc8fc88a5ca21ab2e9ea04d2144752857d
  - name: buf.build/grpc-ecosystem/grpc-gateway
    commit: 3f42134f4c564983838425bc43c7a65f
    digest: b5:291b947d8ac09492517557e4e72e294788cb8201afc7d0df7bda80fa10931adb60d4d669208a7696bf24f1ecb2a33a16d4c1e766e6f31809248b00343119569b
